
Microsoft Visual Studio Solution File, Format Version 12.00
# Visual Studio Version 16
VisualStudioVersion = 16.0.31424.327
MinimumVisualStudioVersion = 10.0.40219.1
Project("{FAE04EC0-301F-11D3-BF4B-00C04F79EFBC}") = "StudyBuddyTest", "StudyBuddyTest\StudyBuddyTest.csproj", "{92FBF8B8-63BE-4549-A0C3-3EC511F8D4CF}"
EndProject
Global
	GlobalSection(SolutionConfigurationPlatforms) = preSolution
		Debug|Any CPU = Debug|Any CPU
		Release|Any CPU = Release|Any CPU
	EndGlobalSection
	GlobalSection(ProjectConfigurationPlatforms) = postSolution
		{92FBF8B8-63BE-4549-A0C3-3EC511F8D4CF}.Debug|Any CPU.ActiveCfg = Debug|Any CPU
		{92FBF8B8-63BE-4549-A0C3-3EC511F8D4CF}.Debug|Any CPU.Build.0 = Debug|Any CPU
		{92FBF8B8-63BE-4549-A0C3-3EC511F8D4CF}.Release|Any CPU.ActiveCfg = Release|Any CPU
		{92FBF8B8-63BE-4549-A0C3-3EC511F8D4CF}.Release|Any CPU.Build.0 = Release|Any CPU
	EndGlobalSection
	GlobalSection(SolutionProperties) = preSolution
		HideSolutionNode = FALSE
	EndGlobalSection
	GlobalSection(ExtensibilityGlobals) = postSolution
		SolutionGuid = {ED14F75F-E889-44A4-BF11-CC9910213BE3}
	EndGlobalSection
EndGlobal
